// !$*UTF8*$!
{
	archiveVersion = 1;
	classes = {
	};
	objectVersion = 52;
	objects = {

/* Begin PBXBuildFile section */
		FA0C002125C3E673003EAD5A /* NavTestApp.swift in Sources */ = {isa = PBXBuildFile; fileRef = FA0C002025C3E673003EAD5A /* NavTestApp.swift */; };
		FA0C002325C3E673003EAD5A /* ContentView.swift in Sources */ = {isa = PBXBuildFile; fileRef = FA0C002225C3E673003EAD5A /* ContentView.swift */; };
		FA0C002525C3E680003EAD5A /* Assets.xcassets in Resources */ = {isa = PBXBuildFile; fileRef = FA0C002425C3E680003EAD5A /* Assets.xcassets */; };
		FA0C002825C3E680003EAD5A /* Preview Assets.xcassets in Resources */ = {isa = PBXBuildFile; fileRef = FA0C002725C3E680003EAD5A /* Preview Assets.xcassets */; };
		FA0C003325C3E680003EAD5A /* NavTestTests.swift in Sources */ = {isa = PBXBuildFile; fileRef = FA0C003225C3E680003EAD5A /* NavTestTests.swift */; };
		FA0C003E25C3E680003EAD5A /* NavTestUITests.swift in Sources */ = {isa = PBXBuildFile; fileRef = FA0C003D25C3E680003EAD5A /* NavTestUITests.swift */; };
		FA0C005425C3EF77003EAD5A /* DummyView.swift in Sources */ = {isa = PBXBuildFile; fileRef = FA0C005325C3EF77003EAD5A /* DummyView.swift */; };
		FA0C006E25C40BD7003EAD5A /* AppRouter.swift in Sources */ = {isa = PBXBuildFile; fileRef = FA0C006B25C40BD7003EAD5A /* AppRouter.swift */; };
		FA0C006F25C40BD7003EAD5A /* OnboardingRouter.swift in Sources */ = {isa = PBXBuildFile; fileRef = FA0C006C25C40BD7003EAD5A /* OnboardingRouter.swift */; };
		FA0C007025C40BD7003EAD5A /* PRouter.swift in Sources */ = {isa = PBXBuildFile; fileRef = FA0C006D25C40BD7003EAD5A /* PRouter.swift */; };
		FA0C007525C4EFDD003EAD5A /* TabBar.swift in Sources */ = {isa = PBXBuildFile; fileRef = FA0C007425C4EFDD003EAD5A /* TabBar.swift */; };
		FA0C007A25C4F16F003EAD5A /* TransitionExample.swift in Sources */ = {isa = PBXBuildFile; fileRef = FA0C007925C4F16F003EAD5A /* TransitionExample.swift */; };
		FA5AAB0425C7FB2000F1033C /* LayoutExampleView.swift in Sources */ = {isa = PBXBuildFile; fileRef = FA5AAB0325C7FB2000F1033C /* LayoutExampleView.swift */; };
		FA5AAB0925C7FC2E00F1033C /* ListExample.swift in Sources */ = {isa = PBXBuildFile; fileRef = FA5AAB0825C7FC2E00F1033C /* ListExample.swift */; };
		FA5AAB0E25C7FCB300F1033C /* SeparatedView.swift in Sources */ = {isa = PBXBuildFile; fileRef = FA5AAB0D25C7FCB300F1033C /* SeparatedView.swift */; };
		FA5AAB1325C94B8500F1033C /* GeometryExampleView.swift in Sources */ = {isa = PBXBuildFile; fileRef = FA5AAB1225C94B8500F1033C /* GeometryExampleView.swift */; };
		FA6DAC0325C645CC00C51E46 /* CustomNavigationView.swift in Sources */ = {isa = PBXBuildFile; fileRef = FA6DAC0225C645CC00C51E46 /* CustomNavigationView.swift */; };
		FA6DAC0925C7D96900C51E46 /* FormExampleView.swift in Sources */ = {isa = PBXBuildFile; fileRef = FA6DAC0825C7D96900C51E46 /* FormExampleView.swift */; };
		FAA8001E25CBE027001365C0 /* CombineRex in Frameworks */ = {isa = PBXBuildFile; productRef = FAA8001D25CBE027001365C0 /* CombineRex */; };
		FAA8002325CBE267001365C0 /* ReduxExampleView.swift in Sources */ = {isa = PBXBuildFile; fileRef = FAA8002225CBE267001365C0 /* ReduxExampleView.swift */; };
		FAA8002825CBE2A2001365C0 /* AppStore.swift in Sources */ = {isa = PBXBuildFile; fileRef = FAA8002725CBE2A2001365C0 /* AppStore.swift */; };
		FAA8004B25CE2AE4001365C0 /* VerticalExpandView.swift in Sources */ = {isa = PBXBuildFile; fileRef = FAA8004A25CE2AE4001365C0 /* VerticalExpandView.swift */; };
		FAA8005025CE373B001365C0 /* TextAnimationView.swift in Sources */ = {isa = PBXBuildFile; fileRef = FAA8004F25CE373B001365C0 /* TextAnimationView.swift */; };
		FAA8005625CF4F05001365C0 /* ScrollViewOffset.swift in Sources */ = {isa = PBXBuildFile; fileRef = FAA8005525CF4F05001365C0 /* ScrollViewOffset.swift */; };
		FAB5627125C4FAB900A91F9D /* OnboardingView.swift in Sources */ = {isa = PBXBuildFile; fileRef = FAB5627025C4FAB900A91F9D /* OnboardingView.swift */; };
		FAB5627925C4FAEA00A91F9D /* InformationView.swift in Sources */ = {isa = PBXBuildFile; fileRef = FAB5627825C4FAEA00A91F9D /* InformationView.swift */; };
		FAB5627F25C4FE3E00A91F9D /* NavStackView.swift in Sources */ = {isa = PBXBuildFile; fileRef = FAB5627E25C4FE3E00A91F9D /* NavStackView.swift */; };
		FAB5628725C5053F00A91F9D /* DefaultPage.swift in Sources */ = {isa = PBXBuildFile; fileRef = FAB5628625C5053F00A91F9D /* DefaultPage.swift */; };
		FAB5628C25C5271A00A91F9D /* SimpleNav.swift in Sources */ = {isa = PBXBuildFile; fileRef = FAB5628B25C5271A00A91F9D /* SimpleNav.swift */; };
		FAB5629125C5303B00A91F9D /* SimplePage.swift in Sources */ = {isa = PBXBuildFile; fileRef = FAB5629025C5303B00A91F9D /* SimplePage.swift */; };
		FAE6F5D325C619F0008A44C9 /* UIKitNavigationView.swift in Sources */ = {isa = PBXBuildFile; fileRef = FAE6F5D225C619F0008A44C9 /* UIKitNavigationView.swift */; };
		FAE6F5DB25C61BC9008A44C9 /* UIKitInnerView.swift in Sources */ = {isa = PBXBuildFile; fileRef = FAE6F5DA25C61BC9008A44C9 /* UIKitInnerView.swift */; };
		FAE6F5E025C61DD6008A44C9 /* UIKitRouter.swift in Sources */ = {isa = PBXBuildFile; fileRef = FAE6F5DF25C61DD6008A44C9 /* UIKitRouter.swift */; };
		FAE6F5E525C62BA3008A44C9 /* SwiftBarButtonItem.swift in Sources */ = {isa = PBXBuildFile; fileRef = FAE6F5E425C62BA3008A44C9 /* SwiftBarButtonItem.swift */; };
/* End PBXBuildFile section */

/* Begin PBXContainerItemProxy section */
		FA0C002F25C3E680003EAD5A /* PBXContainerItemProxy */ = {
			isa = PBXContainerItemProxy;
			containerPortal = FA0C001525C3E673003EAD5A /* Project object */;
			proxyType = 1;
			remoteGlobalIDString = FA0C001C25C3E673003EAD5A;
			remoteInfo = NavTest;
		};
		FA0C003A25C3E680003EAD5A /* PBXContainerItemProxy */ = {
			isa = PBXContainerItemProxy;
			containerPortal = FA0C001525C3E673003EAD5A /* Project object */;
			proxyType = 1;
			remoteGlobalIDString = FA0C001C25C3E673003EAD5A;
			remoteInfo = NavTest;
		};
/* End PBXContainerItemProxy section */

/* Begin PBXFileReference section */
		FA0C001D25C3E673003EAD5A /* NavTest.app */ = {isa = PBXFileReference; explicitFileType = wrapper.application; includeInIndex = 0; path = NavTest.app; sourceTree = BUILT_PRODUCTS_DIR; };
		FA0C002025C3E673003EAD5A /* NavTestApp.swift */ = {isa = PBXFileReference; lastKnownFileType = sourcecode.swift; path = NavTestApp.swift; sourceTree = "<group>"; };
		FA0C002225C3E673003EAD5A /* ContentView.swift */ = {isa = PBXFileReference; lastKnownFileType = sourcecode.swift; path = ContentView.swift; sourceTree = "<group>"; };
		FA0C002425C3E680003EAD5A /* Assets.xcassets */ = {isa = PBXFileReference; lastKnownFileType = folder.assetcatalog; path = Assets.xcassets; sourceTree = "<group>"; };
		FA0C002725C3E680003EAD5A /* Preview Assets.xcassets */ = {isa = PBXFileReference; lastKnownFileType = folder.assetcatalog; path = "Preview Assets.xcassets"; sourceTree = "<group>"; };
		FA0C002925C3E680003EAD5A /* Info.plist */ = {isa = PBXFileReference; lastKnownFileType = text.plist.xml; path = Info.plist; sourceTree = "<group>"; };
		FA0C002E25C3E680003EAD5A /* NavTestTests.xctest */ = {isa = PBXFileReference; explicitFileType = wrapper.cfbundle; includeInIndex = 0; path = NavTestTests.xctest; sourceTree = BUILT_PRODUCTS_DIR; };
		FA0C003225C3E680003EAD5A /* NavTestTests.swift */ = {isa = PBXFileReference; lastKnownFileType = sourcecode.swift; path = NavTestTests.swift; sourceTree = "<group>"; };
		FA0C003425C3E680003EAD5A /* Info.plist */ = {isa = PBXFileReference; lastKnownFileType = text.plist.xml; path = Info.plist; sourceTree = "<group>"; };
		FA0C003925C3E680003EAD5A /* NavTestUITests.xctest */ = {isa = PBXFileReference; explicitFileType = wrapper.cfbundle; includeInIndex = 0; path = NavTestUITests.xctest; sourceTree = BUILT_PRODUCTS_DIR; };
		FA0C003D25C3E680003EAD5A /* NavTestUITests.swift */ = {isa = PBXFileReference; lastKnownFileType = sourcecode.swift; path = NavTestUITests.swift; sourceTree = "<group>"; };
		FA0C003F25C3E680003EAD5A /* Info.plist */ = {isa = PBXFileReference; lastKnownFileType = text.plist.xml; path = Info.plist; sourceTree = "<group>"; };
		FA0C005325C3EF77003EAD5A /* DummyView.swift */ = {isa = PBXFileReference; lastKnownFileType = sourcecode.swift; path = DummyView.swift; sourceTree = "<group>"; };
		FA0C006B25C40BD7003EAD5A /* AppRouter.swift */ = {isa = PBXFileReference; fileEncoding = 4; lastKnownFileType = sourcecode.swift; path = AppRouter.swift; sourceTree = "<group>"; };
		FA0C006C25C40BD7003EAD5A /* OnboardingRouter.swift */ = {isa = PBXFileReference; fileEncoding = 4; lastKnownFileType = sourcecode.swift; path = OnboardingRouter.swift; sourceTree = "<group>"; };
		FA0C006D25C40BD7003EAD5A /* PRouter.swift */ = {isa = PBXFileReference; fileEncoding = 4; lastKnownFileType = sourcecode.swift; path = PRouter.swift; sourceTree = "<group>"; };
		FA0C007425C4EFDD003EAD5A /* TabBar.swift */ = {isa = PBXFileReference; lastKnownFileType = sourcecode.swift; path = TabBar.swift; sourceTree = "<group>"; };
		FA0C007925C4F16F003EAD5A /* TransitionExample.swift */ = {isa = PBXFileReference; lastKnownFileType = sourcecode.swift; path = TransitionExample.swift; sourceTree = "<group>"; };
		FA5AAB0325C7FB2000F1033C /* LayoutExampleView.swift */ = {isa = PBXFileReference; lastKnownFileType = sourcecode.swift; path = LayoutExampleView.swift; sourceTree = "<group>"; };
		FA5AAB0825C7FC2E00F1033C /* ListExample.swift */ = {isa = PBXFileReference; lastKnownFileType = sourcecode.swift; path = ListExample.swift; sourceTree = "<group>"; };
		FA5AAB0D25C7FCB300F1033C /* SeparatedView.swift */ = {isa = PBXFileReference; lastKnownFileType = sourcecode.swift; path = SeparatedView.swift; sourceTree = "<group>"; };
		FA5AAB1225C94B8500F1033C /* GeometryExampleView.swift */ = {isa = PBXFileReference; lastKnownFileType = sourcecode.swift; path = GeometryExampleView.swift; sourceTree = "<group>"; };
		FA6DAC0225C645CC00C51E46 /* CustomNavigationView.swift */ = {isa = PBXFileReference; lastKnownFileType = sourcecode.swift; path = CustomNavigationView.swift; sourceTree = "<group>"; };
		FA6DAC0825C7D96900C51E46 /* FormExampleView.swift */ = {isa = PBXFileReference; lastKnownFileType = sourcecode.swift; path = FormExampleView.swift; sourceTree = "<group>"; };
		FAA8002225CBE267001365C0 /* ReduxExampleView.swift */ = {isa = PBXFileReference; lastKnownFileType = sourcecode.swift; path = ReduxExampleView.swift; sourceTree = "<group>"; };
		FAA8002725CBE2A2001365C0 /* AppStore.swift */ = {isa = PBXFileReference; lastKnownFileType = sourcecode.swift; path = AppStore.swift; sourceTree = "<group>"; };
		FAA8004A25CE2AE4001365C0 /* VerticalExpandView.swift */ = {isa = PBXFileReference; lastKnownFileType = sourcecode.swift; path = VerticalExpandView.swift; sourceTree = "<group>"; };
		FAA8004F25CE373B001365C0 /* TextAnimationView.swift */ = {isa = PBXFileReference; lastKnownFileType = sourcecode.swift; path = TextAnimationView.swift; sourceTree = "<group>"; };
		FAA8005525CF4F05001365C0 /* ScrollViewOffset.swift */ = {isa = PBXFileReference; lastKnownFileType = sourcecode.swift; path = ScrollViewOffset.swift; sourceTree = "<group>"; };
		FAB5627025C4FAB900A91F9D /* OnboardingView.swift */ = {isa = PBXFileReference; fileEncoding = 4; lastKnownFileType = sourcecode.swift; path = OnboardingView.swift; sourceTree = "<group>"; };
		FAB5627825C4FAEA00A91F9D /* InformationView.swift */ = {isa = PBXFileReference; lastKnownFileType = sourcecode.swift; path = InformationView.swift; sourceTree = "<group>"; };
		FAB5627E25C4FE3E00A91F9D /* NavStackView.swift */ = {isa = PBXFileReference; lastKnownFileType = sourcecode.swift; path = NavStackView.swift; sourceTree = "<group>"; };
		FAB5628625C5053F00A91F9D /* DefaultPage.swift */ = {isa = PBXFileReference; lastKnownFileType = sourcecode.swift; path = DefaultPage.swift; sourceTree = "<group>"; };
		FAB5628B25C5271A00A91F9D /* SimpleNav.swift */ = {isa = PBXFileReference; lastKnownFileType = sourcecode.swift; path = SimpleNav.swift; sourceTree = "<group>"; };
		FAB5629025C5303B00A91F9D /* SimplePage.swift */ = {isa = PBXFileReference; lastKnownFileType = sourcecode.swift; path = SimplePage.swift; sourceTree = "<group>"; };
		FAE6F5D225C619F0008A44C9 /* UIKitNavigationView.swift */ = {isa = PBXFileReference; lastKnownFileType = sourcecode.swift; path = UIKitNavigationView.swift; sourceTree = "<group>"; };
		FAE6F5DA25C61BC9008A44C9 /* UIKitInnerView.swift */ = {isa = PBXFileReference; lastKnownFileType = sourcecode.swift; path = UIKitInnerView.swift; sourceTree = "<group>"; };
		FAE6F5DF25C61DD6008A44C9 /* UIKitRouter.swift */ = {isa = PBXFileReference; lastKnownFileType = sourcecode.swift; path = UIKitRouter.swift; sourceTree = "<group>"; };
		FAE6F5E425C62BA3008A44C9 /* SwiftBarButtonItem.swift */ = {isa = PBXFileReference; lastKnownFileType = sourcecode.swift; path = SwiftBarButtonItem.swift; sourceTree = "<group>"; };
/* End PBXFileReference section */

/* Begin PBXFrameworksBuildPhase section */
		FA0C001A25C3E673003EAD5A /* Frameworks */ = {
			isa = PBXFrameworksBuildPhase;
			buildActionMask = 2147483647;
			files = (
				FAA8001E25CBE027001365C0 /* CombineRex in Frameworks */,
			);
			runOnlyForDeploymentPostprocessing = 0;
		};
		FA0C002B25C3E680003EAD5A /* Frameworks */ = {
			isa = PBXFrameworksBuildPhase;
			buildActionMask = 2147483647;
			files = (
			);
			runOnlyForDeploymentPostprocessing = 0;
		};
		FA0C003625C3E680003EAD5A /* Frameworks */ = {
			isa = PBXFrameworksBuildPhase;
			buildActionMask = 2147483647;
			files = (
			);
			runOnlyForDeploymentPostprocessing = 0;
		};
/* End PBXFrameworksBuildPhase section */

/* Begin PBXGroup section */
		FA0C001425C3E673003EAD5A = {
			isa = PBXGroup;
			children = (
				FA0C001F25C3E673003EAD5A /* NavTest */,
				FA0C003125C3E680003EAD5A /* NavTestTests */,
				FA0C003C25C3E680003EAD5A /* NavTestUITests */,
				FA0C001E25C3E673003EAD5A /* Products */,
			);
			sourceTree = "<group>";
		};
		FA0C001E25C3E673003EAD5A /* Products */ = {
			isa = PBXGroup;
			children = (
				FA0C001D25C3E673003EAD5A /* NavTest.app */,
				FA0C002E25C3E680003EAD5A /* NavTestTests.xctest */,
				FA0C003925C3E680003EAD5A /* NavTestUITests.xctest */,
			);
			name = Products;
			sourceTree = "<group>";
		};
		FA0C001F25C3E673003EAD5A /* NavTest */ = {
			isa = PBXGroup;
			children = (
				FAA8005425CF4EFD001365C0 /* helpers */,
				FA6DAC0725C7D96100C51E46 /* layout */,
				FA6DAC0125C6455F00C51E46 /* custom */,
				FAE6F5D125C619E1008A44C9 /* uikit */,
				FAB5627D25C4FDEB00A91F9D /* default */,
				FAB5626F25C4FAA400A91F9D /* onboarding */,
				FA0C006A25C40BBF003EAD5A /* Router */,
				FA0C002025C3E673003EAD5A /* NavTestApp.swift */,
				FA0C002225C3E673003EAD5A /* ContentView.swift */,
				FA0C002425C3E680003EAD5A /* Assets.xcassets */,
				FA0C002925C3E680003EAD5A /* Info.plist */,
				FA0C005325C3EF77003EAD5A /* DummyView.swift */,
				FA0C007425C4EFDD003EAD5A /* TabBar.swift */,
				FA0C007925C4F16F003EAD5A /* TransitionExample.swift */,
				FA0C002625C3E680003EAD5A /* Preview Content */,
			);
			path = NavTest;
			sourceTree = "<group>";
		};
		FA0C002625C3E680003EAD5A /* Preview Content */ = {
			isa = PBXGroup;
			children = (
				FA0C002725C3E680003EAD5A /* Preview Assets.xcassets */,
			);
			path = "Preview Content";
			sourceTree = "<group>";
		};
		FA0C003125C3E680003EAD5A /* NavTestTests */ = {
			isa = PBXGroup;
			children = (
				FA0C003225C3E680003EAD5A /* NavTestTests.swift */,
				FA0C003425C3E680003EAD5A /* Info.plist */,
			);
			path = NavTestTests;
			sourceTree = "<group>";
		};
		FA0C003C25C3E680003EAD5A /* NavTestUITests */ = {
			isa = PBXGroup;
			children = (
				FA0C003D25C3E680003EAD5A /* NavTestUITests.swift */,
				FA0C003F25C3E680003EAD5A /* Info.plist */,
			);
			path = NavTestUITests;
			sourceTree = "<group>";
		};
		FA0C006A25C40BBF003EAD5A /* Router */ = {
			isa = PBXGroup;
			children = (
				FA0C006B25C40BD7003EAD5A /* AppRouter.swift */,
				FA0C006C25C40BD7003EAD5A /* OnboardingRouter.swift */,
				FA0C006D25C40BD7003EAD5A /* PRouter.swift */,
			);
			path = Router;
			sourceTree = "<group>";
		};
		FA6DAC0125C6455F00C51E46 /* custom */ = {
			isa = PBXGroup;
			children = (
				FA6DAC0225C645CC00C51E46 /* CustomNavigationView.swift */,
			);
			path = custom;
			sourceTree = "<group>";
		};
		FA6DAC0725C7D96100C51E46 /* layout */ = {
			isa = PBXGroup;
			children = (
				FA6DAC0825C7D96900C51E46 /* FormExampleView.swift */,
				FA5AAB0325C7FB2000F1033C /* LayoutExampleView.swift */,
				FA5AAB0825C7FC2E00F1033C /* ListExample.swift */,
				FA5AAB0D25C7FCB300F1033C /* SeparatedView.swift */,
				FA5AAB1225C94B8500F1033C /* GeometryExampleView.swift */,
				FAA8002225CBE267001365C0 /* ReduxExampleView.swift */,
				FAA8002725CBE2A2001365C0 /* AppStore.swift */,
				FAA8004A25CE2AE4001365C0 /* VerticalExpandView.swift */,
				FAA8004F25CE373B001365C0 /* TextAnimationView.swift */,
			);
			path = layout;
			sourceTree = "<group>";
		};
		FAA8005425CF4EFD001365C0 /* helpers */ = {
			isa = PBXGroup;
			children = (
				FAA8005525CF4F05001365C0 /* ScrollViewOffset.swift */,
			);
			path = helpers;
			sourceTree = "<group>";
		};
		FAB5626F25C4FAA400A91F9D /* onboarding */ = {
			isa = PBXGroup;
			children = (
				FAB5627025C4FAB900A91F9D /* OnboardingView.swift */,
				FAB5627825C4FAEA00A91F9D /* InformationView.swift */,
				FAB5629025C5303B00A91F9D /* SimplePage.swift */,
			);
			path = onboarding;
			sourceTree = "<group>";
		};
		FAB5627D25C4FDEB00A91F9D /* default */ = {
			isa = PBXGroup;
			children = (
				FAB5627E25C4FE3E00A91F9D /* NavStackView.swift */,
				FAB5628625C5053F00A91F9D /* DefaultPage.swift */,
				FAB5628B25C5271A00A91F9D /* SimpleNav.swift */,
			);
			path = default;
			sourceTree = "<group>";
		};
		FAE6F5D125C619E1008A44C9 /* uikit */ = {
			isa = PBXGroup;
			children = (
				FAE6F5D225C619F0008A44C9 /* UIKitNavigationView.swift */,
				FAE6F5DA25C61BC9008A44C9 /* UIKitInnerView.swift */,
				FAE6F5DF25C61DD6008A44C9 /* UIKitRouter.swift */,
				FAE6F5E425C62BA3008A44C9 /* SwiftBarButtonItem.swift */,
			);
			path = uikit;
			sourceTree = "<group>";
		};
/* End PBXGroup section */

/* Begin PBXNativeTarget section */
		FA0C001C25C3E673003EAD5A /* NavTest */ = {
			isa = PBXNativeTarget;
			buildConfigurationList = FA0C004225C3E680003EAD5A /* Build configuration list for PBXNativeTarget "NavTest" */;
			buildPhases = (
				FA0C001925C3E673003EAD5A /* Sources */,
				FA0C001A25C3E673003EAD5A /* Frameworks */,
				FA0C001B25C3E673003EAD5A /* Resources */,
			);
			buildRules = (
			);
			dependencies = (
			);
			name = NavTest;
			packageProductDependencies = (
				FAA8001D25CBE027001365C0 /* CombineRex */,
			);
			productName = NavTest;
			productReference = FA0C001D25C3E673003EAD5A /* NavTest.app */;
			productType = "com.apple.product-type.application";
		};
		FA0C002D25C3E680003EAD5A /* NavTestTests */ = {
			isa = PBXNativeTarget;
			buildConfigurationList = FA0C004525C3E680003EAD5A /* Build configuration list for PBXNativeTarget "NavTestTests" */;
			buildPhases = (
				FA0C002A25C3E680003EAD5A /* Sources */,
				FA0C002B25C3E680003EAD5A /* Frameworks */,
				FA0C002C25C3E680003EAD5A /* Resources */,
			);
			buildRules = (
			);
			dependencies = (
				FA0C003025C3E680003EAD5A /* PBXTargetDependency */,
			);
			name = NavTestTests;
			productName = NavTestTests;
			productReference = FA0C002E25C3E680003EAD5A /* NavTestTests.xctest */;
			productType = "com.apple.product-type.bundle.unit-test";
		};
		FA0C003825C3E680003EAD5A /* NavTestUITests */ = {
			isa = PBXNativeTarget;
			buildConfigurationList = FA0C004825C3E680003EAD5A /* Build configuration list for PBXNativeTarget "NavTestUITests" */;
			buildPhases = (
				FA0C003525C3E680003EAD5A /* Sources */,
				FA0C003625C3E680003EAD5A /* Frameworks */,
				FA0C003725C3E680003EAD5A /* Resources */,
			);
			buildRules = (
			);
			dependencies = (
				FA0C003B25C3E680003EAD5A /* PBXTargetDependency */,
			);
			name = NavTestUITests;
			productName = NavTestUITests;
			productReference = FA0C003925C3E680003EAD5A /* NavTestUITests.xctest */;
			productType = "com.apple.product-type.bundle.ui-testing";
		};
/* End PBXNativeTarget section */

/* Begin PBXProject section */
		FA0C001525C3E673003EAD5A /* Project object */ = {
			isa = PBXProject;
			attributes = {
				LastSwiftUpdateCheck = 1230;
				LastUpgradeCheck = 1230;
				TargetAttributes = {
					FA0C001C25C3E673003EAD5A = {
						CreatedOnToolsVersion = 12.3;
					};
					FA0C002D25C3E680003EAD5A = {
						CreatedOnToolsVersion = 12.3;
						TestTargetID = FA0C001C25C3E673003EAD5A;
					};
					FA0C003825C3E680003EAD5A = {
						CreatedOnToolsVersion = 12.3;
						TestTargetID = FA0C001C25C3E673003EAD5A;
					};
				};
			};
			buildConfigurationList = FA0C001825C3E673003EAD5A /* Build configuration list for PBXProject "NavTest" */;
			compatibilityVersion = "Xcode 9.3";
			developmentRegion = en;
			hasScannedForEncodings = 0;
			knownRegions = (
				en,
				Base,
			);
			mainGroup = FA0C001425C3E673003EAD5A;
			packageReferences = (
				FAA8001C25CBE027001365C0 /* XCRemoteSwiftPackageReference "SwiftRex" */,
			);
			productRefGroup = FA0C001E25C3E673003EAD5A /* Products */;
			projectDirPath = "";
			projectRoot = "";
			targets = (
				FA0C001C25C3E673003EAD5A /* NavTest */,
				FA0C002D25C3E680003EAD5A /* NavTestTests */,
				FA0C003825C3E680003EAD5A /* NavTestUITests */,
			);
		};
/* End PBXProject section */

/* Begin PBXResourcesBuildPhase section */
		FA0C001B25C3E673003EAD5A /* Resources */ = {
			isa = PBXResourcesBuildPhase;
			buildActionMask = 2147483647;
			files = (
				FA0C002825C3E680003EAD5A /* Preview Assets.xcassets in Resources */,
				FA0C002525C3E680003EAD5A /* Assets.xcassets in Resources */,
			);
			runOnlyForDeploymentPostprocessing = 0;
		};
		FA0C002C25C3E680003EAD5A /* Resources */ = {
			isa = PBXResourcesBuildPhase;
			buildActionMask = 2147483647;
			files = (
			);
			runOnlyForDeploymentPostprocessing = 0;
		};
		FA0C003725C3E680003EAD5A /* Resources */ = {
			isa = PBXResourcesBuildPhase;
			buildActionMask = 2147483647;
			files = (
			);
			runOnlyForDeploymentPostprocessing = 0;
		};
/* End PBXResourcesBuildPhase section */

/* Begin PBXSourcesBuildPhase section */
		FA0C001925C3E673003EAD5A /* Sources */ = {
			isa = PBXSourcesBuildPhase;
			buildActionMask = 2147483647;
			files = (
				FAA8002325CBE267001365C0 /* ReduxExampleView.swift in Sources */,
				FA0C002325C3E673003EAD5A /* ContentView.swift in Sources */,
				FAA8005625CF4F05001365C0 /* ScrollViewOffset.swift in Sources */,
				FA0C006F25C40BD7003EAD5A /* OnboardingRouter.swift in Sources */,
				FAB5629125C5303B00A91F9D /* SimplePage.swift in Sources */,
				FA0C005425C3EF77003EAD5A /* DummyView.swift in Sources */,
				FAB5627F25C4FE3E00A91F9D /* NavStackView.swift in Sources */,
				FAA8004B25CE2AE4001365C0 /* VerticalExpandView.swift in Sources */,
				FA5AAB0425C7FB2000F1033C /* LayoutExampleView.swift in Sources */,
				FAB5627125C4FAB900A91F9D /* OnboardingView.swift in Sources */,
				FA5AAB1325C94B8500F1033C /* GeometryExampleView.swift in Sources */,
				FA0C007525C4EFDD003EAD5A /* TabBar.swift in Sources */,
				FAE6F5D325C619F0008A44C9 /* UIKitNavigationView.swift in Sources */,
				FAB5627925C4FAEA00A91F9D /* InformationView.swift in Sources */,
				FA5AAB0E25C7FCB300F1033C /* SeparatedView.swift in Sources */,
				FAE6F5E025C61DD6008A44C9 /* UIKitRouter.swift in Sources */,
				FAE6F5E525C62BA3008A44C9 /* SwiftBarButtonItem.swift in Sources */,
				FA0C002125C3E673003EAD5A /* NavTestApp.swift in Sources */,
				FA0C007A25C4F16F003EAD5A /* TransitionExample.swift in Sources */,
				FAA8005025CE373B001365C0 /* TextAnimationView.swift in Sources */,
				FA0C006E25C40BD7003EAD5A /* AppRouter.swift in Sources */,
				FAE6F5DB25C61BC9008A44C9 /* UIKitInnerView.swift in Sources */,
				FA6DAC0925C7D96900C51E46 /* FormExampleView.swift in Sources */,
				FAB5628725C5053F00A91F9D /* DefaultPage.swift in Sources */,
				FAA8002825CBE2A2001365C0 /* AppStore.swift in Sources */,
				FAB5628C25C5271A00A91F9D /* SimpleNav.swift in Sources */,
				FA0C007025C40BD7003EAD5A /* PRouter.swift in Sources */,
				FA5AAB0925C7FC2E00F1033C /* ListExample.swift in Sources */,
				FA6DAC0325C645CC00C51E46 /* CustomNavigationView.swift in Sources */,
			);
			runOnlyForDeploymentPostprocessing = 0;
		};
		FA0C002A25C3E680003EAD5A /* Sources */ = {
			isa = PBXSourcesBuildPhase;
			buildActionMask = 2147483647;
			files = (
				FA0C003325C3E680003EAD5A /* NavTestTests.swift in Sources */,
			);
			runOnlyForDeploymentPostprocessing = 0;
		};
		FA0C003525C3E680003EAD5A /* Sources */ = {
			isa = PBXSourcesBuildPhase;
			buildActionMask = 2147483647;
			files = (
				FA0C003E25C3E680003EAD5A /* NavTestUITests.swift in Sources */,
			);
			runOnlyForDeploymentPostprocessing = 0;
		};
/* End PBXSourcesBuildPhase section */

/* Begin PBXTargetDependency section */
		FA0C003025C3E680003EAD5A /* PBXTargetDependency */ = {
			isa = PBXTargetDependency;
			target = FA0C001C25C3E673003EAD5A /* NavTest */;
			targetProxy = FA0C002F25C3E680003EAD5A /* PBXContainerItemProxy */;
		};
		FA0C003B25C3E680003EAD5A /* PBXTargetDependency */ = {
			isa = PBXTargetDependency;
			target = FA0C001C25C3E673003EAD5A /* NavTest */;
			targetProxy = FA0C003A25C3E680003EAD5A /* PBXContainerItemProxy */;
		};
/* End PBXTargetDependency section */

/* Begin XCBuildConfiguration section */
		FA0C004025C3E680003EAD5A /* Debug */ = {
			isa = XCBuildConfiguration;
			buildSettings = {
				ALWAYS_SEARCH_USER_PATHS = NO;
				CLANG_ANALYZER_NONNULL = YES;
				CLANG_ANALYZER_NUMBER_OBJECT_CONVERSION = YES_AGGRESSIVE;
				CLANG_CXX_LANGUAGE_STANDARD = "gnu++14";
				CLANG_CXX_LIBRARY = "libc++";
				CLANG_ENABLE_MODULES = YES;
				CLANG_ENABLE_OBJC_ARC = YES;
				CLANG_ENABLE_OBJC_WEAK = YES;
				CLANG_WARN_BLOCK_CAPTURE_AUTORELEASING = YES;
				CLANG_WARN_BOOL_CONVERSION = YES;
				CLANG_WARN_COMMA = YES;
				CLANG_WARN_CONSTANT_CONVERSION = YES;
				CLANG_WARN_DEPRECATED_OBJC_IMPLEMENTATIONS = YES;
				CLANG_WARN_DIRECT_OBJC_ISA_USAGE = YES_ERROR;
				CLANG_WARN_DOCUMENTATION_COMMENTS = YES;
				CLANG_WARN_EMPTY_BODY = YES;
				CLANG_WARN_ENUM_CONVERSION = YES;
				CLANG_WARN_INFINITE_RECURSION = YES;
				CLANG_WARN_INT_CONVERSION = YES;
				CLANG_WARN_NON_LITERAL_NULL_CONVERSION = YES;
				CLANG_WARN_OBJC_IMPLICIT_RETAIN_SELF = YES;
				CLANG_WARN_OBJC_LITERAL_CONVERSION = YES;
				CLANG_WARN_OBJC_ROOT_CLASS = YES_ERROR;
				CLANG_WARN_QUOTED_INCLUDE_IN_FRAMEWORK_HEADER = YES;
				CLANG_WARN_RANGE_LOOP_ANALYSIS = YES;
				CLANG_WARN_STRICT_PROTOTYPES = YES;
				CLANG_WARN_SUSPICIOUS_MOVE = YES;
				CLANG_WARN_UNGUARDED_AVAILABILITY = YES_AGGRESSIVE;
				CLANG_WARN_UNREACHABLE_CODE = YES;
				CLANG_WARN__DUPLICATE_METHOD_MATCH = YES;
				COPY_PHASE_STRIP = NO;
				DEBUG_INFORMATION_FORMAT = dwarf;
				ENABLE_STRICT_OBJC_MSGSEND = YES;
				ENABLE_TESTABILITY = YES;
				GCC_C_LANGUAGE_STANDARD = gnu11;
				GCC_DYNAMIC_NO_PIC = NO;
				GCC_NO_COMMON_BLOCKS = YES;
				GCC_OPTIMIZATION_LEVEL = 0;
				GCC_PREPROCESSOR_DEFINITIONS = (
					"DEBUG=1",
					"$(inherited)",
				);
				GCC_WARN_64_TO_32_BIT_CONVERSION = YES;
				GCC_WARN_ABOUT_RETURN_TYPE = YES_ERROR;
				GCC_WARN_UNDECLARED_SELECTOR = YES;
				GCC_WARN_UNINITIALIZED_AUTOS = YES_AGGRESSIVE;
				GCC_WARN_UNUSED_FUNCTION = YES;
				GCC_WARN_UNUSED_VARIABLE = YES;
				IPHONEOS_DEPLOYMENT_TARGET = 14.3;
				MTL_ENABLE_DEBUG_INFO = INCLUDE_SOURCE;
				MTL_FAST_MATH = YES;
				ONLY_ACTIVE_ARCH = YES;
				SDKROOT = iphoneos;
				SWIFT_ACTIVE_COMPILATION_CONDITIONS = DEBUG;
				SWIFT_OPTIMIZATION_LEVEL = "-Onone";
			};
			name = Debug;
		};
		FA0C004125C3E680003EAD5A /* Release */ = {
			isa = XCBuildConfiguration;
			buildSettings = {
				ALWAYS_SEARCH_USER_PATHS = NO;
				CLANG_ANALYZER_NONNULL = YES;
				CLANG_ANALYZER_NUMBER_OBJECT_CONVERSION = YES_AGGRESSIVE;
				CLANG_CXX_LANGUAGE_STANDARD = "gnu++14";
				CLANG_CXX_LIBRARY = "libc++";
				CLANG_ENABLE_MODULES = YES;
				CLANG_ENABLE_OBJC_ARC = YES;
				CLANG_ENABLE_OBJC_WEAK = YES;
				CLANG_WARN_BLOCK_CAPTURE_AUTORELEASING = YES;
				CLANG_WARN_BOOL_CONVERSION = YES;
				CLANG_WARN_COMMA = YES;
				CLANG_WARN_CONSTANT_CONVERSION = YES;
				CLANG_WARN_DEPRECATED_OBJC_IMPLEMENTATIONS = YES;
				CLANG_WARN_DIRECT_OBJC_ISA_USAGE = YES_ERROR;
				CLANG_WARN_DOCUMENTATION_COMMENTS = YES;
				CLANG_WARN_EMPTY_BODY = YES;
				CLANG_WARN_ENUM_CONVERSION = YES;
				CLANG_WARN_INFINITE_RECURSION = YES;
				CLANG_WARN_INT_CONVERSION = YES;
				CLANG_WARN_NON_LITERAL_NULL_CONVERSION = YES;
				CLANG_WARN_OBJC_IMPLICIT_RETAIN_SELF = YES;
				CLANG_WARN_OBJC_LITERAL_CONVERSION = YES;
				CLANG_WARN_OBJC_ROOT_CLASS = YES_ERROR;
				CLANG_WARN_QUOTED_INCLUDE_IN_FRAMEWORK_HEADER = YES;
				CLANG_WARN_RANGE_LOOP_ANALYSIS = YES;
				CLANG_WARN_STRICT_PROTOTYPES = YES;
				CLANG_WARN_SUSPICIOUS_MOVE = YES;
				CLANG_WARN_UNGUARDED_AVAILABILITY = YES_AGGRESSIVE;
				CLANG_WARN_UNREACHABLE_CODE = YES;
				CLANG_WARN__DUPLICATE_METHOD_MATCH = YES;
				COPY_PHASE_STRIP = NO;
				DEBUG_INFORMATION_FORMAT = "dwarf-with-dsym";
				ENABLE_NS_ASSERTIONS = NO;
				ENABLE_STRICT_OBJC_MSGSEND = YES;
				GCC_C_LANGUAGE_STANDARD = gnu11;
				GCC_NO_COMMON_BLOCKS = YES;
				GCC_WARN_64_TO_32_BIT_CONVERSION = YES;
				GCC_WARN_ABOUT_RETURN_TYPE = YES_ERROR;
				GCC_WARN_UNDECLARED_SELECTOR = YES;
				GCC_WARN_UNINITIALIZED_AUTOS = YES_AGGRESSIVE;
				GCC_WARN_UNUSED_FUNCTION = YES;
				GCC_WARN_UNUSED_VARIABLE = YES;
				IPHONEOS_DEPLOYMENT_TARGET = 14.3;
				MTL_ENABLE_DEBUG_INFO = NO;
				MTL_FAST_MATH = YES;
				SDKROOT = iphoneos;
				SWIFT_COMPILATION_MODE = wholemodule;
				SWIFT_OPTIMIZATION_LEVEL = "-O";
				VALIDATE_PRODUCT = YES;
			};
			name = Release;
		};
		FA0C004325C3E680003EAD5A /* Debug */ = {
			isa = XCBuildConfiguration;
			buildSettings = {
				ASSETCATALOG_COMPILER_APPICON_NAME = AppIcon;
				ASSETCATALOG_COMPILER_GLOBAL_ACCENT_COLOR_NAME = AccentColor;
				CODE_SIGN_STYLE = Automatic;
				DEVELOPMENT_ASSET_PATHS = "\"NavTest/Preview Content\"";
				DEVELOPMENT_TEAM = X4S6MUZL2D;
				ENABLE_PREVIEWS = YES;
				INFOPLIST_FILE = NavTest/Info.plist;
				IPHONEOS_DEPLOYMENT_TARGET = 14.0;
				LD_RUNPATH_SEARCH_PATHS = (
					"$(inherited)",
					"@executable_path/Frameworks",
				);
				PRODUCT_BUNDLE_IDENTIFIER = com.skorulis.NavTest;
				PRODUCT_NAME = "$(TARGET_NAME)";
				SWIFT_VERSION = 5.0;
				TARGETED_DEVICE_FAMILY = "1,2";
			};
			name = Debug;
		};
		FA0C004425C3E680003EAD5A /* Release */ = {
			isa = XCBuildConfiguration;
			buildSettings = {
				ASSETCATALOG_COMPILER_APPICON_NAME = AppIcon;
				ASSETCATALOG_COMPILER_GLOBAL_ACCENT_COLOR_NAME = AccentColor;
				CODE_SIGN_STYLE = Automatic;
				DEVELOPMENT_ASSET_PATHS = "\"NavTest/Preview Content\"";
				DEVELOPMENT_TEAM = X4S6MUZL2D;
				ENABLE_PREVIEWS = YES;
				INFOPLIST_FILE = NavTest/Info.plist;
				IPHONEOS_DEPLOYMENT_TARGET = 14.0;
				LD_RUNPATH_SEARCH_PATHS = (
					"$(inherited)",
					"@executable_path/Frameworks",
				);
				PRODUCT_BUNDLE_IDENTIFIER = com.skorulis.NavTest;
				PRODUCT_NAME = "$(TARGET_NAME)";
				SWIFT_VERSION = 5.0;
				TARGETED_DEVICE_FAMILY = "1,2";
			};
			name = Release;
		};
		FA0C004625C3E680003EAD5A /* Debug */ = {
			isa = XCBuildConfiguration;
			buildSettings = {
				ALWAYS_EMBED_SWIFT_STANDARD_LIBRARIES = YES;
				BUNDLE_LOADER = "$(TEST_HOST)";
				CODE_SIGN_STYLE = Automatic;
				DEVELOPMENT_TEAM = X4S6MUZL2D;
				INFOPLIST_FILE = NavTestTests/Info.plist;
				IPHONEOS_DEPLOYMENT_TARGET = 14.0;
				LD_RUNPATH_SEARCH_PATHS = (
					"$(inherited)",
					"@executable_path/Frameworks",
					"@loader_path/Frameworks",
				);
				PRODUCT_BUNDLE_IDENTIFIER = com.skorulis.NavTestTests;
				PRODUCT_NAME = "$(TARGET_NAME)";
				SWIFT_VERSION = 5.0;
				TARGETED_DEVICE_FAMILY = "1,2";
				TEST_HOST = "$(BUILT_PRODUCTS_DIR)/NavTest.app/NavTest";
			};
			name = Debug;
		};
		FA0C004725C3E680003EAD5A /* Release */ = {
			isa = XCBuildConfiguration;
			buildSettings = {
				ALWAYS_EMBED_SWIFT_STANDARD_LIBRARIES = YES;
				BUNDLE_LOADER = "$(TEST_HOST)";
				CODE_SIGN_STYLE = Automatic;
				DEVELOPMENT_TEAM = X4S6MUZL2D;
				INFOPLIST_FILE = NavTestTests/Info.plist;
				IPHONEOS_DEPLOYMENT_TARGET = 14.0;
				LD_RUNPATH_SEARCH_PATHS = (
					"$(inherited)",
					"@executable_path/Frameworks",
					"@loader_path/Frameworks",
				);
				PRODUCT_BUNDLE_IDENTIFIER = com.skorulis.NavTestTests;
				PRODUCT_NAME = "$(TARGET_NAME)";
				SWIFT_VERSION = 5.0;
				TARGETED_DEVICE_FAMILY = "1,2";
				TEST_HOST = "$(BUILT_PRODUCTS_DIR)/NavTest.app/NavTest";
			};
			name = Release;
		};
		FA0C004925C3E680003EAD5A /* Debug */ = {
			isa = XCBuildConfiguration;
			buildSettings = {
				ALWAYS_EMBED_SWIFT_STANDARD_LIBRARIES = YES;
				CODE_SIGN_STYLE = Automatic;
				DEVELOPMENT_TEAM = X4S6MUZL2D;
				INFOPLIST_FILE = NavTestUITests/Info.plist;
				LD_RUNPATH_SEARCH_PATHS = (
					"$(inherited)",
					"@executable_path/Frameworks",
					"@loader_path/Frameworks",
				);
				PRODUCT_BUNDLE_IDENTIFIER = com.skorulis.NavTestUITests;
				PRODUCT_NAME = "$(TARGET_NAME)";
				SWIFT_VERSION = 5.0;
				TARGETED_DEVICE_FAMILY = "1,2";
				TEST_TARGET_NAME = NavTest;
			};
			name = Debug;
		};
		FA0C004A25C3E680003EAD5A /* Release */ = {
			isa = XCBuildConfiguration;
			buildSettings = {
				ALWAYS_EMBED_SWIFT_STANDARD_LIBRARIES = YES;
				CODE_SIGN_STYLE = Automatic;
				DEVELOPMENT_TEAM = X4S6MUZL2D;
				INFOPLIST_FILE = NavTestUITests/Info.plist;
				LD_RUNPATH_SEARCH_PATHS = (
					"$(inherited)",
					"@executable_path/Frameworks",
					"@loader_path/Frameworks",
				);
				PRODUCT_BUNDLE_IDENTIFIER = com.skorulis.NavTestUITests;
				PRODUCT_NAME = "$(TARGET_NAME)";
				SWIFT_VERSION = 5.0;
				TARGETED_DEVICE_FAMILY = "1,2";
				TEST_TARGET_NAME = NavTest;
			};
			name = Release;
		};
/* End XCBuildConfiguration section */

/* Begin XCConfigurationList section */
		FA0C001825C3E673003EAD5A /* Build configuration list for PBXProject "NavTest" */ = {
			isa = XCConfigurationList;
			buildConfigurations = (
				FA0C004025C3E680003EAD5A /* Debug */,
				FA0C004125C3E680003EAD5A /* Release */,
			);
			defaultConfigurationIsVisible = 0;
			defaultConfigurationName = Release;
		};
		FA0C004225C3E680003EAD5A /* Build configuration list for PBXNativeTarget "NavTest" */ = {
			isa = XCConfigurationList;
			buildConfigurations = (
				FA0C004325C3E680003EAD5A /* Debug */,
				FA0C004425C3E680003EAD5A /* Release */,
			);
			defaultConfigurationIsVisible = 0;
			defaultConfigurationName = Release;
		};
		FA0C004525C3E680003EAD5A /* Build configuration list for PBXNativeTarget "NavTestTests" */ = {
			isa = XCConfigurationList;
			buildConfigurations = (
				FA0C004625C3E680003EAD5A /* Debug */,
				FA0C004725C3E680003EAD5A /* Release */,
			);
			defaultConfigurationIsVisible = 0;
			defaultConfigurationName = Release;
		};
		FA0C004825C3E680003EAD5A /* Build configuration list for PBXNativeTarget "NavTestUITests" */ = {
			isa = XCConfigurationList;
			buildConfigurations = (
				FA0C004925C3E680003EAD5A /* Debug */,
				FA0C004A25C3E680003EAD5A /* Release */,
			);
			defaultConfigurationIsVisible = 0;
			defaultConfigurationName = Release;
		};
/* End XCConfigurationList section */

/* Begin XCRemoteSwiftPackageReference section */
		FAA8001C25CBE027001365C0 /* XCRemoteSwiftPackageReference "SwiftRex" */ = {
			isa = XCRemoteSwiftPackageReference;
			repositoryURL = "git@github.com:SwiftRex/SwiftRex.git";
			requirement = {
				kind = upToNextMajorVersion;
				minimumVersion = 0.8.2;
			};
		};
/* End XCRemoteSwiftPackageReference section */

/* Begin XCSwiftPackageProductDependency section */
		FAA8001D25CBE027001365C0 /* CombineRex */ = {
			isa = XCSwiftPackageProductDependency;
			package = FAA8001C25CBE027001365C0 /* XCRemoteSwiftPackageReference "SwiftRex" */;
			productName = CombineRex;
		};
/* End XCSwiftPackageProductDependency section */
	};
	rootObject = FA0C001525C3E673003EAD5A /* Project object */;
}
